
Microsoft Visual Studio Solution File, Format Version 12.00
# Visual Studio Version 17
VisualStudioVersion = 17.5.002.0
MinimumVisualStudioVersion = 10.0.40219.1
Project("{9A19103F-16F7-4668-BE54-9A1E7A4F7556}") = "DesignPatternCS", "DesignPatternCS.csproj", "{BE403CE6-82C6-4913-A55C-960C6D142C9B}"
EndProject
Global
	GlobalSection(SolutionConfigurationPlatforms) = preSolution
		Debug|Any CPU = Debug|Any CPU
		Release|Any CPU = Release|Any CPU
	EndGlobalSection
	GlobalSection(ProjectConfigurationPlatforms) = postSolution
		{BE403CE6-82C6-4913-A55C-960C6D142C9B}.Debug|Any CPU.ActiveCfg = Debug|Any CPU
		{BE403CE6-82C6-4913-A55C-960C6D142C9B}.Debug|Any CPU.Build.0 = Debug|Any CPU
		{BE403CE6-82C6-4913-A55C-960C6D142C9B}.Release|Any CPU.ActiveCfg = Release|Any CPU
		{BE403CE6-82C6-4913-A55C-960C6D142C9B}.Release|Any CPU.Build.0 = Release|Any CPU
	EndGlobalSection
	GlobalSection(SolutionProperties) = preSolution
		HideSolutionNode = FALSE
	EndGlobalSection
	GlobalSection(ExtensibilityGlobals) = postSolution
		SolutionGuid = {C68F22CA-C49F-4E18-9298-DBDF738C6108}
	EndGlobalSection
EndGlobal
